
Microsoft Visual Studio Solution File, Format Version 12.00
# Visual Studio Version 16
VisualStudioVersion = 16.0.28922.388
MinimumVisualStudioVersion = 10.0.40219.1
Project("{FAE04EC0-301F-11D3-BF4B-00C04F79EFBC}") = "SFDXUI", "SFDXUI.csproj", "{5F5E79A3-C495-4840-86A4-4CB5411B1867}"
EndProject
Global
	GlobalSection(SolutionConfigurationPlatforms) = preSolution
		Debug|Any CPU = Debug|Any CPU
		Release|Any CPU = Release|Any CPU
	EndGlobalSection
	GlobalSection(ProjectConfigurationPlatforms) = postSolution
		{5F5E79A3-C495-4840-86A4-4CB5411B1867}.Debug|Any CPU.ActiveCfg = Debug|Any CPU
		{5F5E79A3-C495-4840-86A4-4CB5411B1867}.Debug|Any CPU.Build.0 = Debug|Any CPU
		{5F5E79A3-C495-4840-86A4-4CB5411B1867}.Release|Any CPU.ActiveCfg = Release|Any CPU
		{5F5E79A3-C495-4840-86A4-4CB5411B1867}.Release|Any CPU.Build.0 = Release|Any CPU
	EndGlobalSection
	GlobalSection(SolutionProperties) = preSolution
		HideSolutionNode = FALSE
	EndGlobalSection
	GlobalSection(ExtensibilityGlobals) = postSolution
		SolutionGuid = {6AB78036-1C0F-475A-8490-B6E93AEA4DC6}
	EndGlobalSection
EndGlobal
